
Microsoft Visual Studio Solution File, Format Version 12.00
# Visual Studio Version 17
VisualStudioVersion = 17.11.35219.272
MinimumVisualStudioVersion = 10.0.40219.1
Project("{FAE04EC0-301F-11D3-BF4B-00C04F79EFBC}") = "Api.Serve", "Api.Serve\Api.Serve.csproj", "{7C353400-2107-434C-9E90-FA30A307C219}"
EndProject
Global
	GlobalSection(SolutionConfigurationPlatforms) = preSolution
		Debug|Any CPU = Debug|Any CPU
		Release|Any CPU = Release|Any CPU
	EndGlobalSection
	GlobalSection(ProjectConfigurationPlatforms) = postSolution
		{7C353400-2107-434C-9E90-FA30A307C219}.Debug|Any CPU.ActiveCfg = Debug|Any CPU
		{7C353400-2107-434C-9E90-FA30A307C219}.Debug|Any CPU.Build.0 = Debug|Any CPU
		{7C353400-2107-434C-9E90-FA30A307C219}.Release|Any CPU.ActiveCfg = Release|Any CPU
		{7C353400-2107-434C-9E90-FA30A307C219}.Release|Any CPU.Build.0 = Release|Any CPU
	EndGlobalSection
	GlobalSection(SolutionProperties) = preSolution
		HideSolutionNode = FALSE
	EndGlobalSection
	GlobalSection(ExtensibilityGlobals) = postSolution
		SolutionGuid = {4B3B02D0-B919-4D1E-B1A9-194385E3F624}
	EndGlobalSection
EndGlobal
